{
  "name": "client",
  "lockfileVersion": 3,
  "requires": true,
  "packages": {
    "": {
      "dependencies": {
        "polyline": "^0.2.0"
      }
    },
    "node_modules/polyline": {
      "version": "0.2.0",
      "resolved": "https://registry.npmjs.org/polyline/-/polyline-0.2.0.tgz",
      "integrity": "sha512-rCJSkIHWZ/HOUoEWgjZ1DrRjLpTeTjgaktyJV0yhm8PugM5sKoavNjUHtI/amjsTn/Tq+Q3IIAuBD/dUSsWwxQ==",
      "deprecated": "This module is now under the @mapbox namespace: install @mapbox/polyline instead",
      "engines": {
        "node": "*"
      }
    }
  }
}
